
Microsoft Visual Studio Solution File, Format Version 12.00
Project("{FAE04EC0-301F-11D3-BF4B-00C04F79EFBC}") = "overloading conversion operator", "overloading conversion operator\overloading conversion operator.csproj", "{2E532F7A-0FB0-4C9D-99BC-A0DAEF4B6C26}"
EndProject
Global
	GlobalSection(SolutionConfigurationPlatforms) = preSolution
		Debug|Any CPU = Debug|Any CPU
		Release|Any CPU = Release|Any CPU
	EndGlobalSection
	GlobalSection(ProjectConfigurationPlatforms) = postSolution
		{2E532F7A-0FB0-4C9D-99BC-A0DAEF4B6C26}.Debug|Any CPU.ActiveCfg = Debug|Any CPU
		{2E532F7A-0FB0-4C9D-99BC-A0DAEF4B6C26}.Debug|Any CPU.Build.0 = Debug|Any CPU
		{2E532F7A-0FB0-4C9D-99BC-A0DAEF4B6C26}.Release|Any CPU.ActiveCfg = Release|Any CPU
		{2E532F7A-0FB0-4C9D-99BC-A0DAEF4B6C26}.Release|Any CPU.Build.0 = Release|Any CPU
	EndGlobalSection
EndGlobal
