
Microsoft Visual Studio Solution File, Format Version 12.00
Project("{FAE04EC0-301F-11D3-BF4B-00C04F79EFBC}") = "ParameterizedThreadStart", "ParameterizedThreadStart\ParameterizedThreadStart.csproj", "{B867FB24-56C7-4ADB-ACC8-B2420784F931}"
EndProject
Global
	GlobalSection(SolutionConfigurationPlatforms) = preSolution
		Debug|Any CPU = Debug|Any CPU
		Release|Any CPU = Release|Any CPU
	EndGlobalSection
	GlobalSection(ProjectConfigurationPlatforms) = postSolution
		{B867FB24-56C7-4ADB-ACC8-B2420784F931}.Debug|Any CPU.ActiveCfg = Debug|Any CPU
		{B867FB24-56C7-4ADB-ACC8-B2420784F931}.Debug|Any CPU.Build.0 = Debug|Any CPU
		{B867FB24-56C7-4ADB-ACC8-B2420784F931}.Release|Any CPU.ActiveCfg = Release|Any CPU
		{B867FB24-56C7-4ADB-ACC8-B2420784F931}.Release|Any CPU.Build.0 = Release|Any CPU
	EndGlobalSection
EndGlobal
