
Microsoft Visual Studio Solution File, Format Version 12.00
Project("{FAE04EC0-301F-11D3-BF4B-00C04F79EFBC}") = "Global space qualifier", "Global space qualifier\Global space qualifier.csproj", "{0AD45D32-6E4F-4F77-8FC2-696D07B5186B}"
EndProject
Global
	GlobalSection(SolutionConfigurationPlatforms) = preSolution
		Debug|Any CPU = Debug|Any CPU
		Release|Any CPU = Release|Any CPU
	EndGlobalSection
	GlobalSection(ProjectConfigurationPlatforms) = postSolution
		{0AD45D32-6E4F-4F77-8FC2-696D07B5186B}.Debug|Any CPU.ActiveCfg = Debug|Any CPU
		{0AD45D32-6E4F-4F77-8FC2-696D07B5186B}.Debug|Any CPU.Build.0 = Debug|Any CPU
		{0AD45D32-6E4F-4F77-8FC2-696D07B5186B}.Release|Any CPU.ActiveCfg = Release|Any CPU
		{0AD45D32-6E4F-4F77-8FC2-696D07B5186B}.Release|Any CPU.Build.0 = Release|Any CPU
	EndGlobalSection
EndGlobal
