
Microsoft Visual Studio Solution File, Format Version 12.00
Project("{FAE04EC0-301F-11D3-BF4B-00C04F79EFBC}") = "Generic type constraints", "Generic type constraints\Generic type constraints.csproj", "{ECF4B5C5-D7C9-4747-B147-091154CCE7A5}"
EndProject
Global
	GlobalSection(SolutionConfigurationPlatforms) = preSolution
		Debug|Any CPU = Debug|Any CPU
		Release|Any CPU = Release|Any CPU
	EndGlobalSection
	GlobalSection(ProjectConfigurationPlatforms) = postSolution
		{ECF4B5C5-D7C9-4747-B147-091154CCE7A5}.Debug|Any CPU.ActiveCfg = Debug|Any CPU
		{ECF4B5C5-D7C9-4747-B147-091154CCE7A5}.Debug|Any CPU.Build.0 = Debug|Any CPU
		{ECF4B5C5-D7C9-4747-B147-091154CCE7A5}.Release|Any CPU.ActiveCfg = Release|Any CPU
		{ECF4B5C5-D7C9-4747-B147-091154CCE7A5}.Release|Any CPU.Build.0 = Release|Any CPU
	EndGlobalSection
EndGlobal
