
Microsoft Visual Studio Solution File, Format Version 12.00
Project("{FAE04EC0-301F-11D3-BF4B-00C04F79EFBC}") = "CollectionBase Inherit", "CollectionBase Inherit\CollectionBase Inherit.csproj", "{110FE76D-5458-4239-BE63-AA550B73A95E}"
EndProject
Global
	GlobalSection(SolutionConfigurationPlatforms) = preSolution
		Debug|Any CPU = Debug|Any CPU
		Release|Any CPU = Release|Any CPU
	EndGlobalSection
	GlobalSection(ProjectConfigurationPlatforms) = postSolution
		{110FE76D-5458-4239-BE63-AA550B73A95E}.Debug|Any CPU.ActiveCfg = Debug|Any CPU
		{110FE76D-5458-4239-BE63-AA550B73A95E}.Debug|Any CPU.Build.0 = Debug|Any CPU
		{110FE76D-5458-4239-BE63-AA550B73A95E}.Release|Any CPU.ActiveCfg = Release|Any CPU
		{110FE76D-5458-4239-BE63-AA550B73A95E}.Release|Any CPU.Build.0 = Release|Any CPU
	EndGlobalSection
EndGlobal
