
Microsoft Visual Studio Solution File, Format Version 12.00
Project("{FAE04EC0-301F-11D3-BF4B-00C04F79EFBC}") = "foreach", "foreach\foreach.csproj", "{EBEE5AD3-F2D6-49EA-AF50-C4CD54C45B39}"
EndProject
Global
	GlobalSection(SolutionConfigurationPlatforms) = preSolution
		Debug|Any CPU = Debug|Any CPU
		Release|Any CPU = Release|Any CPU
	EndGlobalSection
	GlobalSection(ProjectConfigurationPlatforms) = postSolution
		{EBEE5AD3-F2D6-49EA-AF50-C4CD54C45B39}.Debug|Any CPU.ActiveCfg = Debug|Any CPU
		{EBEE5AD3-F2D6-49EA-AF50-C4CD54C45B39}.Debug|Any CPU.Build.0 = Debug|Any CPU
		{EBEE5AD3-F2D6-49EA-AF50-C4CD54C45B39}.Release|Any CPU.ActiveCfg = Release|Any CPU
		{EBEE5AD3-F2D6-49EA-AF50-C4CD54C45B39}.Release|Any CPU.Build.0 = Release|Any CPU
	EndGlobalSection
EndGlobal
