
Microsoft Visual Studio Solution File, Format Version 12.00
Project("{FAE04EC0-301F-11D3-BF4B-00C04F79EFBC}") = "ILookupDemo", "ILookupDemo\ILookupDemo.csproj", "{6BABD6D8-A6FD-4905-BEC7-92177B06C220}"
EndProject
Global
	GlobalSection(SolutionConfigurationPlatforms) = preSolution
		Debug|Any CPU = Debug|Any CPU
		Release|Any CPU = Release|Any CPU
	EndGlobalSection
	GlobalSection(ProjectConfigurationPlatforms) = postSolution
		{6BABD6D8-A6FD-4905-BEC7-92177B06C220}.Debug|Any CPU.ActiveCfg = Debug|Any CPU
		{6BABD6D8-A6FD-4905-BEC7-92177B06C220}.Debug|Any CPU.Build.0 = Debug|Any CPU
		{6BABD6D8-A6FD-4905-BEC7-92177B06C220}.Release|Any CPU.ActiveCfg = Release|Any CPU
		{6BABD6D8-A6FD-4905-BEC7-92177B06C220}.Release|Any CPU.Build.0 = Release|Any CPU
	EndGlobalSection
EndGlobal
