
Microsoft Visual Studio Solution File, Format Version 12.00
Project("{FAE04EC0-301F-11D3-BF4B-00C04F79EFBC}") = "save xml", "save xml\save xml.csproj", "{D14B4373-6DD3-41F7-8559-6D00222FC738}"
EndProject
Global
	GlobalSection(SolutionConfigurationPlatforms) = preSolution
		Debug|Any CPU = Debug|Any CPU
		Release|Any CPU = Release|Any CPU
	EndGlobalSection
	GlobalSection(ProjectConfigurationPlatforms) = postSolution
		{D14B4373-6DD3-41F7-8559-6D00222FC738}.Debug|Any CPU.ActiveCfg = Debug|Any CPU
		{D14B4373-6DD3-41F7-8559-6D00222FC738}.Debug|Any CPU.Build.0 = Debug|Any CPU
		{D14B4373-6DD3-41F7-8559-6D00222FC738}.Release|Any CPU.ActiveCfg = Release|Any CPU
		{D14B4373-6DD3-41F7-8559-6D00222FC738}.Release|Any CPU.Build.0 = Release|Any CPU
	EndGlobalSection
EndGlobal
