
Microsoft Visual Studio Solution File, Format Version 12.00
Project("{FAE04EC0-301F-11D3-BF4B-00C04F79EFBC}") = "JoinQuery", "JoinQuery\JoinQuery.csproj", "{0476E20C-BD75-4044-95EA-C60063ECAE01}"
EndProject
Global
	GlobalSection(SolutionConfigurationPlatforms) = preSolution
		Debug|Any CPU = Debug|Any CPU
		Release|Any CPU = Release|Any CPU
	EndGlobalSection
	GlobalSection(ProjectConfigurationPlatforms) = postSolution
		{0476E20C-BD75-4044-95EA-C60063ECAE01}.Debug|Any CPU.ActiveCfg = Debug|Any CPU
		{0476E20C-BD75-4044-95EA-C60063ECAE01}.Debug|Any CPU.Build.0 = Debug|Any CPU
		{0476E20C-BD75-4044-95EA-C60063ECAE01}.Release|Any CPU.ActiveCfg = Release|Any CPU
		{0476E20C-BD75-4044-95EA-C60063ECAE01}.Release|Any CPU.Build.0 = Release|Any CPU
	EndGlobalSection
EndGlobal
