
Microsoft Visual Studio Solution File, Format Version 12.00
Project("{FAE04EC0-301F-11D3-BF4B-00C04F79EFBC}") = "Debug WriteLine", "Debug WriteLine\Debug WriteLine.csproj", "{55C06653-A09A-4004-9EBE-434E40B259DD}"
EndProject
Global
	GlobalSection(SolutionConfigurationPlatforms) = preSolution
		Debug|Any CPU = Debug|Any CPU
		Release|Any CPU = Release|Any CPU
	EndGlobalSection
	GlobalSection(ProjectConfigurationPlatforms) = postSolution
		{55C06653-A09A-4004-9EBE-434E40B259DD}.Debug|Any CPU.ActiveCfg = Debug|Any CPU
		{55C06653-A09A-4004-9EBE-434E40B259DD}.Debug|Any CPU.Build.0 = Debug|Any CPU
		{55C06653-A09A-4004-9EBE-434E40B259DD}.Release|Any CPU.ActiveCfg = Release|Any CPU
		{55C06653-A09A-4004-9EBE-434E40B259DD}.Release|Any CPU.Build.0 = Release|Any CPU
	EndGlobalSection
EndGlobal
