
Microsoft Visual Studio Solution File, Format Version 12.00
Project("{FAE04EC0-301F-11D3-BF4B-00C04F79EFBC}") = "Stack", "Stack\Stack.csproj", "{617B2CBB-E775-4DD3-A965-7F1028FFC604}"
EndProject
Global
	GlobalSection(SolutionConfigurationPlatforms) = preSolution
		Debug|Any CPU = Debug|Any CPU
		Release|Any CPU = Release|Any CPU
	EndGlobalSection
	GlobalSection(ProjectConfigurationPlatforms) = postSolution
		{617B2CBB-E775-4DD3-A965-7F1028FFC604}.Debug|Any CPU.ActiveCfg = Debug|Any CPU
		{617B2CBB-E775-4DD3-A965-7F1028FFC604}.Debug|Any CPU.Build.0 = Debug|Any CPU
		{617B2CBB-E775-4DD3-A965-7F1028FFC604}.Release|Any CPU.ActiveCfg = Release|Any CPU
		{617B2CBB-E775-4DD3-A965-7F1028FFC604}.Release|Any CPU.Build.0 = Release|Any CPU
	EndGlobalSection
EndGlobal
