
Microsoft Visual Studio Solution File, Format Version 12.00
# Visual Studio Version 17
VisualStudioVersion = 17.2.32630.192
MinimumVisualStudioVersion = 10.0.40219.1
Project("{FAE04EC0-301F-11D3-BF4B-00C04F79EFBC}") = "IValueConverter Demo", "IValueConverter Demo\IValueConverter Demo.csproj", "{54DA695F-90E0-420B-915F-433692B1CC19}"
EndProject
Global
	GlobalSection(SolutionConfigurationPlatforms) = preSolution
		Debug|Any CPU = Debug|Any CPU
		Release|Any CPU = Release|Any CPU
	EndGlobalSection
	GlobalSection(ProjectConfigurationPlatforms) = postSolution
		{54DA695F-90E0-420B-915F-433692B1CC19}.Debug|Any CPU.ActiveCfg = Debug|Any CPU
		{54DA695F-90E0-420B-915F-433692B1CC19}.Debug|Any CPU.Build.0 = Debug|Any CPU
		{54DA695F-90E0-420B-915F-433692B1CC19}.Release|Any CPU.ActiveCfg = Release|Any CPU
		{54DA695F-90E0-420B-915F-433692B1CC19}.Release|Any CPU.Build.0 = Release|Any CPU
	EndGlobalSection
	GlobalSection(SolutionProperties) = preSolution
		HideSolutionNode = FALSE
	EndGlobalSection
	GlobalSection(ExtensibilityGlobals) = postSolution
		SolutionGuid = {C522645F-0743-4758-BED0-449490658399}
	EndGlobalSection
EndGlobal
