
Microsoft Visual Studio Solution File, Format Version 12.00
Project("{FAE04EC0-301F-11D3-BF4B-00C04F79EFBC}") = "show drive info", "show drive info\show drive info.csproj", "{980078DB-37C8-49D8-B304-C167E722F44D}"
EndProject
Global
	GlobalSection(SolutionConfigurationPlatforms) = preSolution
		Debug|Any CPU = Debug|Any CPU
		Release|Any CPU = Release|Any CPU
	EndGlobalSection
	GlobalSection(ProjectConfigurationPlatforms) = postSolution
		{980078DB-37C8-49D8-B304-C167E722F44D}.Debug|Any CPU.ActiveCfg = Debug|Any CPU
		{980078DB-37C8-49D8-B304-C167E722F44D}.Debug|Any CPU.Build.0 = Debug|Any CPU
		{980078DB-37C8-49D8-B304-C167E722F44D}.Release|Any CPU.ActiveCfg = Release|Any CPU
		{980078DB-37C8-49D8-B304-C167E722F44D}.Release|Any CPU.Build.0 = Release|Any CPU
	EndGlobalSection
EndGlobal
