
Microsoft Visual Studio Solution File, Format Version 12.00
Project("{FAE04EC0-301F-11D3-BF4B-00C04F79EFBC}") = "OrderQueryResults", "OrderQueryResults\OrderQueryResults.csproj", "{F8A3A3C7-095D-4E79-9424-33F1770E998C}"
EndProject
Global
	GlobalSection(SolutionConfigurationPlatforms) = preSolution
		Debug|Any CPU = Debug|Any CPU
		Release|Any CPU = Release|Any CPU
	EndGlobalSection
	GlobalSection(ProjectConfigurationPlatforms) = postSolution
		{F8A3A3C7-095D-4E79-9424-33F1770E998C}.Debug|Any CPU.ActiveCfg = Debug|Any CPU
		{F8A3A3C7-095D-4E79-9424-33F1770E998C}.Debug|Any CPU.Build.0 = Debug|Any CPU
		{F8A3A3C7-095D-4E79-9424-33F1770E998C}.Release|Any CPU.ActiveCfg = Release|Any CPU
		{F8A3A3C7-095D-4E79-9424-33F1770E998C}.Release|Any CPU.Build.0 = Release|Any CPU
	EndGlobalSection
EndGlobal
