
Microsoft Visual Studio Solution File, Format Version 12.00
Project("{FAE04EC0-301F-11D3-BF4B-00C04F79EFBC}") = "boxing and unboxing", "boxing and unboxing\boxing and unboxing.csproj", "{AEA03AA3-EE22-4200-82B4-61E6AFDDE584}"
EndProject
Global
	GlobalSection(SolutionConfigurationPlatforms) = preSolution
		Debug|Any CPU = Debug|Any CPU
		Release|Any CPU = Release|Any CPU
	EndGlobalSection
	GlobalSection(ProjectConfigurationPlatforms) = postSolution
		{AEA03AA3-EE22-4200-82B4-61E6AFDDE584}.Debug|Any CPU.ActiveCfg = Debug|Any CPU
		{AEA03AA3-EE22-4200-82B4-61E6AFDDE584}.Debug|Any CPU.Build.0 = Debug|Any CPU
		{AEA03AA3-EE22-4200-82B4-61E6AFDDE584}.Release|Any CPU.ActiveCfg = Release|Any CPU
		{AEA03AA3-EE22-4200-82B4-61E6AFDDE584}.Release|Any CPU.Build.0 = Release|Any CPU
	EndGlobalSection
EndGlobal
