
Microsoft Visual Studio Solution File, Format Version 12.00
Project("{FAE04EC0-301F-11D3-BF4B-00C04F79EFBC}") = "IEnumerable", "IEnumerable\IEnumerable.csproj", "{4C61F8B2-53EF-4F3C-946A-7FC3F1E049BF}"
EndProject
Global
	GlobalSection(SolutionConfigurationPlatforms) = preSolution
		Debug|Any CPU = Debug|Any CPU
		Release|Any CPU = Release|Any CPU
	EndGlobalSection
	GlobalSection(ProjectConfigurationPlatforms) = postSolution
		{4C61F8B2-53EF-4F3C-946A-7FC3F1E049BF}.Debug|Any CPU.ActiveCfg = Debug|Any CPU
		{4C61F8B2-53EF-4F3C-946A-7FC3F1E049BF}.Debug|Any CPU.Build.0 = Debug|Any CPU
		{4C61F8B2-53EF-4F3C-946A-7FC3F1E049BF}.Release|Any CPU.ActiveCfg = Release|Any CPU
		{4C61F8B2-53EF-4F3C-946A-7FC3F1E049BF}.Release|Any CPU.Build.0 = Release|Any CPU
	EndGlobalSection
EndGlobal
